
Microsoft Visual Studio Solution File, Format Version 12.00
# Visual Studio 14
VisualStudioVersion = 14.0.25420.1
MinimumVisualStudioVersion = 10.0.40219.1
Project("{8BC9CEB8-8B4A-11D0-8D11-00A0C91BC942}") = "robot_control", "robot_control\robot_control.vcxproj", "{02B8874E-3F33-4BDB-8AE0-2FCA2147687F}"
EndProject
Project("{8BC9CEB8-8B4A-11D0-8D11-00A0C91BC942}") = "camera_robot", "camera_robot\camera_robot.vcxproj", "{10598B0D-BEFF-416F-810F-290A88801A6B}"
EndProject
Project("{8BC9CEB8-8B4A-11D0-8D11-00A0C91BC942}") = "Object detection", "Object detection\Object detection.vcxproj", "{E4AF026D-CBB8-48D4-BA20-C47E382F4574}"
EndProject
Project("{8BC9CEB8-8B4A-11D0-8D11-00A0C91BC942}") = "qr_detect", "qr_detect\qr_detect.vcxproj", "{9EC46534-94FF-49F6-9F49-09199A5DBD3F}"
EndProject
Project("{8BC9CEB8-8B4A-11D0-8D11-00A0C91BC942}") = "Odometry", "Odometry\Odometry.vcxproj", "{17BB6F26-C40D-4DC7-9A53-52C09780D76A}"
EndProject
Project("{8BC9CEB8-8B4A-11D0-8D11-00A0C91BC942}") = "Odometry_video", "Odometry_video\Odometry_video.vcxproj", "{39B7963C-E88F-4F71-BD3A-F56ECDE3FB5E}"
EndProject
Project("{8BC9CEB8-8B4A-11D0-8D11-00A0C91BC942}") = "Record_video", "Record_video\Record_video.vcxproj", "{292750DA-D3F7-40A2-95C0-6B5329DE8CB6}"
EndProject
Project("{8BC9CEB8-8B4A-11D0-8D11-00A0C91BC942}") = "stereo_radar", "stereo_radar\stereo_radar.vcxproj", "{D22641A9-82AC-40FB-8D8F-855A5BC3BE21}"
EndProject
Global
	GlobalSection(SolutionConfigurationPlatforms) = preSolution
		Debug|x64 = Debug|x64
		Debug|x86 = Debug|x86
		Release|x64 = Release|x64
		Release|x86 = Release|x86
	EndGlobalSection
	GlobalSection(ProjectConfigurationPlatforms) = postSolution
		{02B8874E-3F33-4BDB-8AE0-2FCA2147687F}.Debug|x64.ActiveCfg = Debug|x64
		{02B8874E-3F33-4BDB-8AE0-2FCA2147687F}.Debug|x64.Build.0 = Debug|x64
		{02B8874E-3F33-4BDB-8AE0-2FCA2147687F}.Debug|x86.ActiveCfg = Debug|Win32
		{02B8874E-3F33-4BDB-8AE0-2FCA2147687F}.Debug|x86.Build.0 = Debug|Win32
		{02B8874E-3F33-4BDB-8AE0-2FCA2147687F}.Release|x64.ActiveCfg = Release|x64
		{02B8874E-3F33-4BDB-8AE0-2FCA2147687F}.Release|x64.Build.0 = Release|x64
		{02B8874E-3F33-4BDB-8AE0-2FCA2147687F}.Release|x86.ActiveCfg = Release|Win32
		{02B8874E-3F33-4BDB-8AE0-2FCA2147687F}.Release|x86.Build.0 = Release|Win32
		{10598B0D-BEFF-416F-810F-290A88801A6B}.Debug|x64.ActiveCfg = Debug|x64
		{10598B0D-BEFF-416F-810F-290A88801A6B}.Debug|x64.Build.0 = Debug|x64
		{10598B0D-BEFF-416F-810F-290A88801A6B}.Debug|x86.ActiveCfg = Debug|Win32
		{10598B0D-BEFF-416F-810F-290A88801A6B}.Debug|x86.Build.0 = Debug|Win32
		{10598B0D-BEFF-416F-810F-290A88801A6B}.Release|x64.ActiveCfg = Release|x64
		{10598B0D-BEFF-416F-810F-290A88801A6B}.Release|x64.Build.0 = Release|x64
		{10598B0D-BEFF-416F-810F-290A88801A6B}.Release|x86.ActiveCfg = Release|Win32
		{10598B0D-BEFF-416F-810F-290A88801A6B}.Release|x86.Build.0 = Release|Win32
		{E4AF026D-CBB8-48D4-BA20-C47E382F4574}.Debug|x64.ActiveCfg = Debug|x64
		{E4AF026D-CBB8-48D4-BA20-C47E382F4574}.Debug|x64.Build.0 = Debug|x64
		{E4AF026D-CBB8-48D4-BA20-C47E382F4574}.Debug|x86.ActiveCfg = Debug|Win32
		{E4AF026D-CBB8-48D4-BA20-C47E382F4574}.Debug|x86.Build.0 = Debug|Win32
		{E4AF026D-CBB8-48D4-BA20-C47E382F4574}.Release|x64.ActiveCfg = Release|x64
		{E4AF026D-CBB8-48D4-BA20-C47E382F4574}.Release|x64.Build.0 = Release|x64
		{E4AF026D-CBB8-48D4-BA20-C47E382F4574}.Release|x86.ActiveCfg = Release|Win32
		{E4AF026D-CBB8-48D4-BA20-C47E382F4574}.Release|x86.Build.0 = Release|Win32
		{9EC46534-94FF-49F6-9F49-09199A5DBD3F}.Debug|x64.ActiveCfg = Debug|x64
		{9EC46534-94FF-49F6-9F49-09199A5DBD3F}.Debug|x64.Build.0 = Debug|x64
		{9EC46534-94FF-49F6-9F49-09199A5DBD3F}.Debug|x86.ActiveCfg = Debug|Win32
		{9EC46534-94FF-49F6-9F49-09199A5DBD3F}.Debug|x86.Build.0 = Debug|Win32
		{9EC46534-94FF-49F6-9F49-09199A5DBD3F}.Release|x64.ActiveCfg = Release|x64
		{9EC46534-94FF-49F6-9F49-09199A5DBD3F}.Release|x64.Build.0 = Release|x64
		{9EC46534-94FF-49F6-9F49-09199A5DBD3F}.Release|x86.ActiveCfg = Release|Win32
		{9EC46534-94FF-49F6-9F49-09199A5DBD3F}.Release|x86.Build.0 = Release|Win32
		{17BB6F26-C40D-4DC7-9A53-52C09780D76A}.Debug|x64.ActiveCfg = Debug|x64
		{17BB6F26-C40D-4DC7-9A53-52C09780D76A}.Debug|x64.Build.0 = Debug|x64
		{17BB6F26-C40D-4DC7-9A53-52C09780D76A}.Debug|x86.ActiveCfg = Debug|Win32
		{17BB6F26-C40D-4DC7-9A53-52C09780D76A}.Debug|x86.Build.0 = Debug|Win32
		{17BB6F26-C40D-4DC7-9A53-52C09780D76A}.Release|x64.ActiveCfg = Release|x64
		{17BB6F26-C40D-4DC7-9A53-52C09780D76A}.Release|x64.Build.0 = Release|x64
		{17BB6F26-C40D-4DC7-9A53-52C09780D76A}.Release|x86.ActiveCfg = Release|Win32
		{17BB6F26-C40D-4DC7-9A53-52C09780D76A}.Release|x86.Build.0 = Release|Win32
		{39B7963C-E88F-4F71-BD3A-F56ECDE3FB5E}.Debug|x64.ActiveCfg = Debug|x64
		{39B7963C-E88F-4F71-BD3A-F56ECDE3FB5E}.Debug|x64.Build.0 = Debug|x64
		{39B7963C-E88F-4F71-BD3A-F56ECDE3FB5E}.Debug|x86.ActiveCfg = Debug|Win32
		{39B7963C-E88F-4F71-BD3A-F56ECDE3FB5E}.Debug|x86.Build.0 = Debug|Win32
		{39B7963C-E88F-4F71-BD3A-F56ECDE3FB5E}.Release|x64.ActiveCfg = Release|x64
		{39B7963C-E88F-4F71-BD3A-F56ECDE3FB5E}.Release|x64.Build.0 = Release|x64
		{39B7963C-E88F-4F71-BD3A-F56ECDE3FB5E}.Release|x86.ActiveCfg = Release|Win32
		{39B7963C-E88F-4F71-BD3A-F56ECDE3FB5E}.Release|x86.Build.0 = Release|Win32
		{292750DA-D3F7-40A2-95C0-6B5329DE8CB6}.Debug|x64.ActiveCfg = Debug|x64
		{292750DA-D3F7-40A2-95C0-6B5329DE8CB6}.Debug|x64.Build.0 = Debug|x64
		{292750DA-D3F7-40A2-95C0-6B5329DE8CB6}.Debug|x86.ActiveCfg = Debug|Win32
		{292750DA-D3F7-40A2-95C0-6B5329DE8CB6}.Debug|x86.Build.0 = Debug|Win32
		{292750DA-D3F7-40A2-95C0-6B5329DE8CB6}.Release|x64.ActiveCfg = Release|x64
		{292750DA-D3F7-40A2-95C0-6B5329DE8CB6}.Release|x64.Build.0 = Release|x64
		{292750DA-D3F7-40A2-95C0-6B5329DE8CB6}.Release|x86.ActiveCfg = Release|Win32
		{292750DA-D3F7-40A2-95C0-6B5329DE8CB6}.Release|x86.Build.0 = Release|Win32
		{D22641A9-82AC-40FB-8D8F-855A5BC3BE21}.Debug|x64.ActiveCfg = Debug|x64
		{D22641A9-82AC-40FB-8D8F-855A5BC3BE21}.Debug|x64.Build.0 = Debug|x64
		{D22641A9-82AC-40FB-8D8F-855A5BC3BE21}.Debug|x86.ActiveCfg = Debug|Win32
		{D22641A9-82AC-40FB-8D8F-855A5BC3BE21}.Debug|x86.Build.0 = Debug|Win32
		{D22641A9-82AC-40FB-8D8F-855A5BC3BE21}.Release|x64.ActiveCfg = Release|x64
		{D22641A9-82AC-40FB-8D8F-855A5BC3BE21}.Release|x64.Build.0 = Release|x64
		{D22641A9-82AC-40FB-8D8F-855A5BC3BE21}.Release|x86.ActiveCfg = Release|Win32
		{D22641A9-82AC-40FB-8D8F-855A5BC3BE21}.Release|x86.Build.0 = Release|Win32
	EndGlobalSection
	GlobalSection(SolutionProperties) = preSolution
		HideSolutionNode = FALSE
	EndGlobalSection
EndGlobal
